// !$*UTF8*$!
{
	archiveVersion = 1;
	classes = {
	};
	objectVersion = 50;
	objects = {

/* Begin PBXBuildFile section */
		36F7ED9F2465231100CF20CB /* LotteryView.swift in Sources */ = {isa = PBXBuildFile; fileRef = 36F7ED9E2465231100CF20CB /* LotteryView.swift */; };
		36F7EDA12465265200CF20CB /* LotteryControl.swift in Sources */ = {isa = PBXBuildFile; fileRef = 36F7EDA02465265200CF20CB /* LotteryControl.swift */; };
		4132A45E22AD561500A8DBBE /* GroupPage.swift in Sources */ = {isa = PBXBuildFile; fileRef = 4132A45D22AD561500A8DBBE /* GroupPage.swift */; };
		4132A46022AD624700A8DBBE /* SectionPage.swift in Sources */ = {isa = PBXBuildFile; fileRef = 4132A45F22AD624700A8DBBE /* SectionPage.swift */; };
		4132A46322AD709300A8DBBE /* Color+Ext.swift in Sources */ = {isa = PBXBuildFile; fileRef = 4132A46222AD709300A8DBBE /* Color+Ext.swift */; };
		4132A46622AD70D400A8DBBE /* View+Ext.swift in Sources */ = {isa = PBXBuildFile; fileRef = 4132A46522AD70D400A8DBBE /* View+Ext.swift */; };
		4132A46822AE8D5200A8DBBE /* NavigationViewPage.swift in Sources */ = {isa = PBXBuildFile; fileRef = 4132A46722AE8D5200A8DBBE /* NavigationViewPage.swift */; };
		4132A46B22B00E6100A8DBBE /* PickerPage.swift in Sources */ = {isa = PBXBuildFile; fileRef = 4132A46A22B00E6100A8DBBE /* PickerPage.swift */; };
		415F044922AB8801003E59FC /* SegmentedControlPage.swift in Sources */ = {isa = PBXBuildFile; fileRef = 415F044822AB8801003E59FC /* SegmentedControlPage.swift */; };
		415F044B22AB9A96003E59FC /* AlertPage.swift in Sources */ = {isa = PBXBuildFile; fileRef = 415F044A22AB9A95003E59FC /* AlertPage.swift */; };
		415F044F22ABA1E3003E59FC /* TogglePage.swift in Sources */ = {isa = PBXBuildFile; fileRef = 415F044E22ABA1E3003E59FC /* TogglePage.swift */; };
		4160444C22B291000052CAFC /* UIKitController.swift in Sources */ = {isa = PBXBuildFile; fileRef = 4160444B22B291000052CAFC /* UIKitController.swift */; };
		4160445122B2987A0052CAFC /* ControllerPage.swift in Sources */ = {isa = PBXBuildFile; fileRef = 4160445022B2987A0052CAFC /* ControllerPage.swift */; };
		4161B32722AB68F600CD5A1B /* HStackPage.swift in Sources */ = {isa = PBXBuildFile; fileRef = 4161B32622AB68F600CD5A1B /* HStackPage.swift */; };
		4161B32922AB695A00CD5A1B /* VStackPage.swift in Sources */ = {isa = PBXBuildFile; fileRef = 4161B32822AB695A00CD5A1B /* VStackPage.swift */; };
		4161B32B22AB696300CD5A1B /* ZStackPage.swift in Sources */ = {isa = PBXBuildFile; fileRef = 4161B32A22AB696300CD5A1B /* ZStackPage.swift */; };
		4161B32D22AB6CBE00CD5A1B /* SliderPage.swift in Sources */ = {isa = PBXBuildFile; fileRef = 4161B32C22AB6CBE00CD5A1B /* SliderPage.swift */; };
		4161B33022AB6D2900CD5A1B /* ScrollViewPage.swift in Sources */ = {isa = PBXBuildFile; fileRef = 4161B32F22AB6D2900CD5A1B /* ScrollViewPage.swift */; };
		4161B33222AB6D3400CD5A1B /* ForEachPage.swift in Sources */ = {isa = PBXBuildFile; fileRef = 4161B33122AB6D3400CD5A1B /* ForEachPage.swift */; };
		4161B33422AB83B700CD5A1B /* StepperPage.swift in Sources */ = {isa = PBXBuildFile; fileRef = 4161B33322AB83B700CD5A1B /* StepperPage.swift */; };
		4164489D22AA6D6500A93AF2 /* ImagePage.swift in Sources */ = {isa = PBXBuildFile; fileRef = 4164489C22AA6D6500A93AF2 /* ImagePage.swift */; };
		4196ABC822A97AB1008B8FD2 /* AppDelegate.swift in Sources */ = {isa = PBXBuildFile; fileRef = 4196ABC722A97AB1008B8FD2 /* AppDelegate.swift */; };
		4196ABCA22A97AB1008B8FD2 /* SceneDelegate.swift in Sources */ = {isa = PBXBuildFile; fileRef = 4196ABC922A97AB1008B8FD2 /* SceneDelegate.swift */; };
		4196ABCC22A97AB1008B8FD2 /* ContentView.swift in Sources */ = {isa = PBXBuildFile; fileRef = 4196ABCB22A97AB1008B8FD2 /* ContentView.swift */; };
		4196ABCE22A97AB2008B8FD2 /* Assets.xcassets in Resources */ = {isa = PBXBuildFile; fileRef = 4196ABCD22A97AB2008B8FD2 /* Assets.xcassets */; };
		4196ABD122A97AB2008B8FD2 /* Preview Assets.xcassets in Resources */ = {isa = PBXBuildFile; fileRef = 4196ABD022A97AB2008B8FD2 /* Preview Assets.xcassets */; };
		4196ABD422A97AB2008B8FD2 /* LaunchScreen.storyboard in Resources */ = {isa = PBXBuildFile; fileRef = 4196ABD222A97AB2008B8FD2 /* LaunchScreen.storyboard */; };
		4196ABDC22A97D61008B8FD2 /* PageRow.swift in Sources */ = {isa = PBXBuildFile; fileRef = 4196ABDB22A97D61008B8FD2 /* PageRow.swift */; };
		4196ABE222AA1B80008B8FD2 /* TextPage.swift in Sources */ = {isa = PBXBuildFile; fileRef = 4196ABE122AA1B80008B8FD2 /* TextPage.swift */; };
		4196ABE722AA268A008B8FD2 /* TextFieldPage.swift in Sources */ = {isa = PBXBuildFile; fileRef = 4196ABE622AA268A008B8FD2 /* TextFieldPage.swift */; };
		41977FF522ACA74600FD47FE /* WebImagePage.swift in Sources */ = {isa = PBXBuildFile; fileRef = 41977FF422ACA74600FD47FE /* WebImagePage.swift */; };
		41C7E65E22B4A9680074D4F6 /* ModalPage.swift in Sources */ = {isa = PBXBuildFile; fileRef = 41C7E65D22B4A9680074D4F6 /* ModalPage.swift */; };
		41E4DCCE22B4ADB000F78522 /* PopoverPage.swift in Sources */ = {isa = PBXBuildFile; fileRef = 41E4DCCD22B4ADB000F78522 /* PopoverPage.swift */; };
		41E4DCD022B4B4FF00F78522 /* ActionSheetPage.swift in Sources */ = {isa = PBXBuildFile; fileRef = 41E4DCCF22B4B4FF00F78522 /* ActionSheetPage.swift */; };
		41F36F0A22AA84D600B9172D /* ButtonPage.swift in Sources */ = {isa = PBXBuildFile; fileRef = 41F36F0922AA84D600B9172D /* ButtonPage.swift */; };
		41F36F0C22AA87AF00B9172D /* TableViewPage.swift in Sources */ = {isa = PBXBuildFile; fileRef = 41F36F0B22AA87AF00B9172D /* TableViewPage.swift */; };
		41F36F0E22AA8AEC00B9172D /* WebViewPage.swift in Sources */ = {isa = PBXBuildFile; fileRef = 41F36F0D22AA8AEC00B9172D /* WebViewPage.swift */; };
		41F36F1022AA915300B9172D /* ListPage.swift in Sources */ = {isa = PBXBuildFile; fileRef = 41F36F0F22AA915300B9172D /* ListPage.swift */; };
		41FE99E722AAD08A008135A0 /* NavigationButtonPage.swift in Sources */ = {isa = PBXBuildFile; fileRef = 41FE99E622AAD08A008135A0 /* NavigationButtonPage.swift */; };
		41FE99E922AAD7B0008135A0 /* EditButtonPage.swift in Sources */ = {isa = PBXBuildFile; fileRef = 41FE99E822AAD7B0008135A0 /* EditButtonPage.swift */; };
		41FE99F022AADF9F008135A0 /* DatePickerPage.swift in Sources */ = {isa = PBXBuildFile; fileRef = 41FE99EF22AADF9F008135A0 /* DatePickerPage.swift */; };
		BD99734E23B49BB800A3E3F0 /* FormPage.swift in Sources */ = {isa = PBXBuildFile; fileRef = BD99734D23B49BB800A3E3F0 /* FormPage.swift */; };
		D74985BC231634DA00C4D46D /* Window+Ext.swift in Sources */ = {isa = PBXBuildFile; fileRef = D74985BB231634DA00C4D46D /* Window+Ext.swift */; };
		FC8DE9B929309F3D00A5C8FF /* SpacerPage.swift in Sources */ = {isa = PBXBuildFile; fileRef = FC8DE9B829309F3D00A5C8FF /* SpacerPage.swift */; };
/* End PBXBuildFile section */

/* Begin PBXFileReference section */
		36F7ED9E2465231100CF20CB /* LotteryView.swift */ = {isa = PBXFileReference; lastKnownFileType = sourcecode.swift; path = LotteryView.swift; sourceTree = "<group>"; };
		36F7EDA02465265200CF20CB /* LotteryControl.swift */ = {isa = PBXFileReference; lastKnownFileType = sourcecode.swift; path = LotteryControl.swift; sourceTree = "<group>"; };
		4117B81624946600000F4BF8 /* Example.entitlements */ = {isa = PBXFileReference; lastKnownFileType = text.plist.entitlements; path = Example.entitlements; sourceTree = "<group>"; };
		4132A45D22AD561500A8DBBE /* GroupPage.swift */ = {isa = PBXFileReference; lastKnownFileType = sourcecode.swift; path = GroupPage.swift; sourceTree = "<group>"; };
		4132A45F22AD624700A8DBBE /* SectionPage.swift */ = {isa = PBXFileReference; lastKnownFileType = sourcecode.swift; path = SectionPage.swift; sourceTree = "<group>"; };
		4132A46222AD709300A8DBBE /* Color+Ext.swift */ = {isa = PBXFileReference; lastKnownFileType = sourcecode.swift; path = "Color+Ext.swift"; sourceTree = "<group>"; };
		4132A46522AD70D400A8DBBE /* View+Ext.swift */ = {isa = PBXFileReference; lastKnownFileType = sourcecode.swift; path = "View+Ext.swift"; sourceTree = "<group>"; };
		4132A46722AE8D5200A8DBBE /* NavigationViewPage.swift */ = {isa = PBXFileReference; lastKnownFileType = sourcecode.swift; path = NavigationViewPage.swift; sourceTree = "<group>"; };
		4132A46A22B00E6100A8DBBE /* PickerPage.swift */ = {isa = PBXFileReference; lastKnownFileType = sourcecode.swift; path = PickerPage.swift; sourceTree = "<group>"; };
		415F044822AB8801003E59FC /* SegmentedControlPage.swift */ = {isa = PBXFileReference; lastKnownFileType = sourcecode.swift; path = SegmentedControlPage.swift; sourceTree = "<group>"; };
		415F044A22AB9A95003E59FC /* AlertPage.swift */ = {isa = PBXFileReference; lastKnownFileType = sourcecode.swift; path = AlertPage.swift; sourceTree = "<group>"; };
		415F044E22ABA1E3003E59FC /* TogglePage.swift */ = {isa = PBXFileReference; lastKnownFileType = sourcecode.swift; path = TogglePage.swift; sourceTree = "<group>"; };
		4160444B22B291000052CAFC /* UIKitController.swift */ = {isa = PBXFileReference; lastKnownFileType = sourcecode.swift; path = UIKitController.swift; sourceTree = "<group>"; };
		4160445022B2987A0052CAFC /* ControllerPage.swift */ = {isa = PBXFileReference; fileEncoding = 4; lastKnownFileType = sourcecode.swift; path = ControllerPage.swift; sourceTree = "<group>"; };
		4161B32622AB68F600CD5A1B /* HStackPage.swift */ = {isa = PBXFileReference; lastKnownFileType = sourcecode.swift; path = HStackPage.swift; sourceTree = "<group>"; };
		4161B32822AB695A00CD5A1B /* VStackPage.swift */ = {isa = PBXFileReference; lastKnownFileType = sourcecode.swift; path = VStackPage.swift; sourceTree = "<group>"; };
		4161B32A22AB696300CD5A1B /* ZStackPage.swift */ = {isa = PBXFileReference; lastKnownFileType = sourcecode.swift; path = ZStackPage.swift; sourceTree = "<group>"; };
		4161B32C22AB6CBE00CD5A1B /* SliderPage.swift */ = {isa = PBXFileReference; lastKnownFileType = sourcecode.swift; path = SliderPage.swift; sourceTree = "<group>"; };
		4161B32F22AB6D2900CD5A1B /* ScrollViewPage.swift */ = {isa = PBXFileReference; lastKnownFileType = sourcecode.swift; path = ScrollViewPage.swift; sourceTree = "<group>"; };
		4161B33122AB6D3400CD5A1B /* ForEachPage.swift */ = {isa = PBXFileReference; lastKnownFileType = sourcecode.swift; path = ForEachPage.swift; sourceTree = "<group>"; };
		4161B33322AB83B700CD5A1B /* StepperPage.swift */ = {isa = PBXFileReference; lastKnownFileType = sourcecode.swift; path = StepperPage.swift; sourceTree = "<group>"; };
		4164489C22AA6D6500A93AF2 /* ImagePage.swift */ = {isa = PBXFileReference; lastKnownFileType = sourcecode.swift; path = ImagePage.swift; sourceTree = "<group>"; };
		4196ABC422A97AB1008B8FD2 /* Example.app */ = {isa = PBXFileReference; explicitFileType = wrapper.application; includeInIndex = 0; path = Example.app; sourceTree = BUILT_PRODUCTS_DIR; };
		4196ABC722A97AB1008B8FD2 /* AppDelegate.swift */ = {isa = PBXFileReference; lastKnownFileType = sourcecode.swift; path = AppDelegate.swift; sourceTree = "<group>"; };
		4196ABC922A97AB1008B8FD2 /* SceneDelegate.swift */ = {isa = PBXFileReference; lastKnownFileType = sourcecode.swift; path = SceneDelegate.swift; sourceTree = "<group>"; };
		4196ABCB22A97AB1008B8FD2 /* ContentView.swift */ = {isa = PBXFileReference; lastKnownFileType = sourcecode.swift; path = ContentView.swift; sourceTree = "<group>"; };
		4196ABCD22A97AB2008B8FD2 /* Assets.xcassets */ = {isa = PBXFileReference; lastKnownFileType = folder.assetcatalog; path = Assets.xcassets; sourceTree = "<group>"; };
		4196ABD022A97AB2008B8FD2 /* Preview Assets.xcassets */ = {isa = PBXFileReference; lastKnownFileType = folder.assetcatalog; path = "Preview Assets.xcassets"; sourceTree = "<group>"; };
		4196ABD322A97AB2008B8FD2 /* Base */ = {isa = PBXFileReference; lastKnownFileType = file.storyboard; name = Base; path = Base.lproj/LaunchScreen.storyboard; sourceTree = "<group>"; };
		4196ABD522A97AB2008B8FD2 /* Info.plist */ = {isa = PBXFileReference; lastKnownFileType = text.plist.xml; path = Info.plist; sourceTree = "<group>"; };
		4196ABDB22A97D61008B8FD2 /* PageRow.swift */ = {isa = PBXFileReference; lastKnownFileType = sourcecode.swift; path = PageRow.swift; sourceTree = "<group>"; };
		4196ABE122AA1B80008B8FD2 /* TextPage.swift */ = {isa = PBXFileReference; lastKnownFileType = sourcecode.swift; path = TextPage.swift; sourceTree = "<group>"; };
		4196ABE622AA268A008B8FD2 /* TextFieldPage.swift */ = {isa = PBXFileReference; lastKnownFileType = sourcecode.swift; path = TextFieldPage.swift; sourceTree = "<group>"; };
		41977FF422ACA74600FD47FE /* WebImagePage.swift */ = {isa = PBXFileReference; lastKnownFileType = sourcecode.swift; path = WebImagePage.swift; sourceTree = "<group>"; };
		41C7E65D22B4A9680074D4F6 /* ModalPage.swift */ = {isa = PBXFileReference; lastKnownFileType = sourcecode.swift; path = ModalPage.swift; sourceTree = "<group>"; };
		41E4DCCD22B4ADB000F78522 /* PopoverPage.swift */ = {isa = PBXFileReference; lastKnownFileType = sourcecode.swift; path = PopoverPage.swift; sourceTree = "<group>"; };
		41E4DCCF22B4B4FF00F78522 /* ActionSheetPage.swift */ = {isa = PBXFileReference; lastKnownFileType = sourcecode.swift; path = ActionSheetPage.swift; sourceTree = "<group>"; };
		41F36F0922AA84D600B9172D /* ButtonPage.swift */ = {isa = PBXFileReference; lastKnownFileType = sourcecode.swift; path = ButtonPage.swift; sourceTree = "<group>"; };
		41F36F0B22AA87AF00B9172D /* TableViewPage.swift */ = {isa = PBXFileReference; lastKnownFileType = sourcecode.swift; path = TableViewPage.swift; sourceTree = "<group>"; };
		41F36F0D22AA8AEC00B9172D /* WebViewPage.swift */ = {isa = PBXFileReference; lastKnownFileType = sourcecode.swift; path = WebViewPage.swift; sourceTree = "<group>"; };
		41F36F0F22AA915300B9172D /* ListPage.swift */ = {isa = PBXFileReference; lastKnownFileType = sourcecode.swift; path = ListPage.swift; sourceTree = "<group>"; };
		41FE99E622AAD08A008135A0 /* NavigationButtonPage.swift */ = {isa = PBXFileReference; lastKnownFileType = sourcecode.swift; path = NavigationButtonPage.swift; sourceTree = "<group>"; };
		41FE99E822AAD7B0008135A0 /* EditButtonPage.swift */ = {isa = PBXFileReference; lastKnownFileType = sourcecode.swift; path = EditButtonPage.swift; sourceTree = "<group>"; };
		41FE99EF22AADF9F008135A0 /* DatePickerPage.swift */ = {isa = PBXFileReference; lastKnownFileType = sourcecode.swift; path = DatePickerPage.swift; sourceTree = "<group>"; };
		BD99734D23B49BB800A3E3F0 /* FormPage.swift */ = {isa = PBXFileReference; lastKnownFileType = sourcecode.swift; path = FormPage.swift; sourceTree = "<group>"; };
		D74985BB231634DA00C4D46D /* Window+Ext.swift */ = {isa = PBXFileReference; lastKnownFileType = sourcecode.swift; path = "Window+Ext.swift"; sourceTree = "<group>"; };
		FC8DE9B829309F3D00A5C8FF /* SpacerPage.swift */ = {isa = PBXFileReference; lastKnownFileType = sourcecode.swift; path = SpacerPage.swift; sourceTree = "<group>"; };
/* End PBXFileReference section */

/* Begin PBXFrameworksBuildPhase section */
		4196ABC122A97AB1008B8FD2 /* Frameworks */ = {
			isa = PBXFrameworksBuildPhase;
			buildActionMask = 2147483647;
			files = (
			);
			runOnlyForDeploymentPostprocessing = 0;
		};
/* End PBXFrameworksBuildPhase section */

/* Begin PBXGroup section */
		36F7ED9D246522E000CF20CB /* Lottery */ = {
			isa = PBXGroup;
			children = (
				36F7ED9E2465231100CF20CB /* LotteryView.swift */,
				36F7EDA02465265200CF20CB /* LotteryControl.swift */,
			);
			path = Lottery;
			sourceTree = "<group>";
		};
		4132A46122AD700F00A8DBBE /* Container */ = {
			isa = PBXGroup;
			children = (
				4132A45D22AD561500A8DBBE /* GroupPage.swift */,
				4132A45F22AD624700A8DBBE /* SectionPage.swift */,
				BD99734D23B49BB800A3E3F0 /* FormPage.swift */,
			);
			path = Container;
			sourceTree = "<group>";
		};
		4132A46422AD70B400A8DBBE /* Extension */ = {
			isa = PBXGroup;
			children = (
				4132A46222AD709300A8DBBE /* Color+Ext.swift */,
				4132A46522AD70D400A8DBBE /* View+Ext.swift */,
				D74985BB231634DA00C4D46D /* Window+Ext.swift */,
			);
			path = Extension;
			sourceTree = "<group>";
		};
		4132A46922AEB15A00A8DBBE /* Navigation */ = {
			isa = PBXGroup;
			children = (
				4132A46722AE8D5200A8DBBE /* NavigationViewPage.swift */,
				41F36F0B22AA87AF00B9172D /* TableViewPage.swift */,
			);
			path = Navigation;
			sourceTree = "<group>";
		};
		415F044C22ABA043003E59FC /* Picker */ = {
			isa = PBXGroup;
			children = (
				4132A46A22B00E6100A8DBBE /* PickerPage.swift */,
				41FE99EF22AADF9F008135A0 /* DatePickerPage.swift */,
				415F044E22ABA1E3003E59FC /* TogglePage.swift */,
				4161B32C22AB6CBE00CD5A1B /* SliderPage.swift */,
				4161B33322AB83B700CD5A1B /* StepperPage.swift */,
				415F044822AB8801003E59FC /* SegmentedControlPage.swift */,
			);
			path = Picker;
			sourceTree = "<group>";
		};
		415F044D22ABA051003E59FC /* List */ = {
			isa = PBXGroup;
			children = (
				41F36F0F22AA915300B9172D /* ListPage.swift */,
				4161B32F22AB6D2900CD5A1B /* ScrollViewPage.swift */,
				4161B33122AB6D3400CD5A1B /* ForEachPage.swift */,
			);
			path = List;
			sourceTree = "<group>";
		};
		4160444F22B2985D0052CAFC /* SpecialPage */ = {
			isa = PBXGroup;
			children = (
				41F36F0D22AA8AEC00B9172D /* WebViewPage.swift */,
				4160445022B2987A0052CAFC /* ControllerPage.swift */,
				4160444B22B291000052CAFC /* UIKitController.swift */,
				FC8DE9B829309F3D00A5C8FF /* SpacerPage.swift */,
			);
			path = SpecialPage;
			sourceTree = "<group>";
		};
		4161B32E22AB6D0F00CD5A1B /* Stack */ = {
			isa = PBXGroup;
			children = (
				4161B32622AB68F600CD5A1B /* HStackPage.swift */,
				4161B32822AB695A00CD5A1B /* VStackPage.swift */,
				4161B32A22AB696300CD5A1B /* ZStackPage.swift */,
			);
			path = Stack;
			sourceTree = "<group>";
		};
		4196ABBB22A97AB1008B8FD2 = {
			isa = PBXGroup;
			children = (
				4196ABC622A97AB1008B8FD2 /* Example */,
				4196ABC522A97AB1008B8FD2 /* Products */,
			);
			sourceTree = "<group>";
		};
		4196ABC522A97AB1008B8FD2 /* Products */ = {
			isa = PBXGroup;
			children = (
				4196ABC422A97AB1008B8FD2 /* Example.app */,
			);
			name = Products;
			sourceTree = "<group>";
		};
		4196ABC622A97AB1008B8FD2 /* Example */ = {
			isa = PBXGroup;
			children = (
				4117B81624946600000F4BF8 /* Example.entitlements */,
				4196ABC722A97AB1008B8FD2 /* AppDelegate.swift */,
				4196ABC922A97AB1008B8FD2 /* SceneDelegate.swift */,
				4196ABCB22A97AB1008B8FD2 /* ContentView.swift */,
				4196ABDB22A97D61008B8FD2 /* PageRow.swift */,
				4196ABE522AA24B4008B8FD2 /* Page */,
				4132A46422AD70B400A8DBBE /* Extension */,
				4196ABCD22A97AB2008B8FD2 /* Assets.xcassets */,
				4196ABD222A97AB2008B8FD2 /* LaunchScreen.storyboard */,
				4196ABD522A97AB2008B8FD2 /* Info.plist */,
				4196ABCF22A97AB2008B8FD2 /* Preview Content */,
			);
			path = Example;
			sourceTree = "<group>";
		};
		4196ABCF22A97AB2008B8FD2 /* Preview Content */ = {
			isa = PBXGroup;
			children = (
				4196ABD022A97AB2008B8FD2 /* Preview Assets.xcassets */,
			);
			path = "Preview Content";
			sourceTree = "<group>";
		};
		4196ABE522AA24B4008B8FD2 /* Page */ = {
			isa = PBXGroup;
			children = (
				36F7ED9D246522E000CF20CB /* Lottery */,
				4160444F22B2985D0052CAFC /* SpecialPage */,
				41FE99ED22AADF7C008135A0 /* Text */,
				41FE99EE22AADF8E008135A0 /* Image */,
				41FE99EC22AADF6E008135A0 /* Button */,
				415F044D22ABA051003E59FC /* List */,
				415F044C22ABA043003E59FC /* Picker */,
				4132A46922AEB15A00A8DBBE /* Navigation */,
				4132A46122AD700F00A8DBBE /* Container */,
				4161B32E22AB6D0F00CD5A1B /* Stack */,
				41C7E65F22B4A96C0074D4F6 /* Alert */,
			);
			path = Page;
			sourceTree = "<group>";
		};
		41C7E65F22B4A96C0074D4F6 /* Alert */ = {
			isa = PBXGroup;
			children = (
				415F044A22AB9A95003E59FC /* AlertPage.swift */,
				41E4DCCF22B4B4FF00F78522 /* ActionSheetPage.swift */,
				41C7E65D22B4A9680074D4F6 /* ModalPage.swift */,
				41E4DCCD22B4ADB000F78522 /* PopoverPage.swift */,
			);
			path = Alert;
			sourceTree = "<group>";
		};
		41FE99EC22AADF6E008135A0 /* Button */ = {
			isa = PBXGroup;
			children = (
				41F36F0922AA84D600B9172D /* ButtonPage.swift */,
				41FE99E622AAD08A008135A0 /* NavigationButtonPage.swift */,
				41FE99E822AAD7B0008135A0 /* EditButtonPage.swift */,
			);
			path = Button;
			sourceTree = "<group>";
		};
		41FE99ED22AADF7C008135A0 /* Text */ = {
			isa = PBXGroup;
			children = (
				4196ABE122AA1B80008B8FD2 /* TextPage.swift */,
				4196ABE622AA268A008B8FD2 /* TextFieldPage.swift */,
			);
			path = Text;
			sourceTree = "<group>";
		};
		41FE99EE22AADF8E008135A0 /* Image */ = {
			isa = PBXGroup;
			children = (
				4164489C22AA6D6500A93AF2 /* ImagePage.swift */,
				41977FF422ACA74600FD47FE /* WebImagePage.swift */,
			);
			path = Image;
			sourceTree = "<group>";
		};
/* End PBXGroup section */

/* Begin PBXNativeTarget section */
		4196ABC322A97AB1008B8FD2 /* Example */ = {
			isa = PBXNativeTarget;
			buildConfigurationList = 4196ABD822A97AB2008B8FD2 /* Build configuration list for PBXNativeTarget "Example" */;
			buildPhases = (
				4196ABC022A97AB1008B8FD2 /* Sources */,
				4196ABC122A97AB1008B8FD2 /* Frameworks */,
				4196ABC222A97AB1008B8FD2 /* Resources */,
			);
			buildRules = (
			);
			dependencies = (
			);
			name = Example;
			productName = Example;
			productReference = 4196ABC422A97AB1008B8FD2 /* Example.app */;
			productType = "com.apple.product-type.application";
		};
/* End PBXNativeTarget section */

/* Begin PBXProject section */
		4196ABBC22A97AB1008B8FD2 /* Project object */ = {
			isa = PBXProject;
			attributes = {
				LastSwiftUpdateCheck = 1100;
				LastUpgradeCheck = 1100;
				ORGANIZATIONNAME = "晋先森";
				TargetAttributes = {
					4196ABC322A97AB1008B8FD2 = {
						CreatedOnToolsVersion = 11.0;
					};
				};
			};
			buildConfigurationList = 4196ABBF22A97AB1008B8FD2 /* Build configuration list for PBXProject "Example" */;
			compatibilityVersion = "Xcode 9.3";
			developmentRegion = en;
			hasScannedForEncodings = 0;
			knownRegions = (
				en,
				Base,
			);
			mainGroup = 4196ABBB22A97AB1008B8FD2;
			productRefGroup = 4196ABC522A97AB1008B8FD2 /* Products */;
			projectDirPath = "";
			projectRoot = "";
			targets = (
				4196ABC322A97AB1008B8FD2 /* Example */,
			);
		};
/* End PBXProject section */

/* Begin PBXResourcesBuildPhase section */
		4196ABC222A97AB1008B8FD2 /* Resources */ = {
			isa = PBXResourcesBuildPhase;
			buildActionMask = 2147483647;
			files = (
				4196ABD422A97AB2008B8FD2 /* LaunchScreen.storyboard in Resources */,
				4196ABD122A97AB2008B8FD2 /* Preview Assets.xcassets in Resources */,
				4196ABCE22A97AB2008B8FD2 /* Assets.xcassets in Resources */,
			);
			runOnlyForDeploymentPostprocessing = 0;
		};
/* End PBXResourcesBuildPhase section */

/* Begin PBXSourcesBuildPhase section */
		4196ABC022A97AB1008B8FD2 /* Sources */ = {
			isa = PBXSourcesBuildPhase;
			buildActionMask = 2147483647;
			files = (
				41E4DCD022B4B4FF00F78522 /* ActionSheetPage.swift in Sources */,
				4196ABC822A97AB1008B8FD2 /* AppDelegate.swift in Sources */,
				4161B33222AB6D3400CD5A1B /* ForEachPage.swift in Sources */,
				36F7EDA12465265200CF20CB /* LotteryControl.swift in Sources */,
				41977FF522ACA74600FD47FE /* WebImagePage.swift in Sources */,
				36F7ED9F2465231100CF20CB /* LotteryView.swift in Sources */,
				4196ABE722AA268A008B8FD2 /* TextFieldPage.swift in Sources */,
				4161B32722AB68F600CD5A1B /* HStackPage.swift in Sources */,
				FC8DE9B929309F3D00A5C8FF /* SpacerPage.swift in Sources */,
				D74985BC231634DA00C4D46D /* Window+Ext.swift in Sources */,
				4164489D22AA6D6500A93AF2 /* ImagePage.swift in Sources */,
				4161B32922AB695A00CD5A1B /* VStackPage.swift in Sources */,
				415F044B22AB9A96003E59FC /* AlertPage.swift in Sources */,
				41F36F1022AA915300B9172D /* ListPage.swift in Sources */,
				41F36F0A22AA84D600B9172D /* ButtonPage.swift in Sources */,
				41FE99E722AAD08A008135A0 /* NavigationButtonPage.swift in Sources */,
				4160444C22B291000052CAFC /* UIKitController.swift in Sources */,
				4196ABE222AA1B80008B8FD2 /* TextPage.swift in Sources */,
				4160445122B2987A0052CAFC /* ControllerPage.swift in Sources */,
				4196ABCA22A97AB1008B8FD2 /* SceneDelegate.swift in Sources */,
				4161B32B22AB696300CD5A1B /* ZStackPage.swift in Sources */,
				4161B33022AB6D2900CD5A1B /* ScrollViewPage.swift in Sources */,
				41FE99F022AADF9F008135A0 /* DatePickerPage.swift in Sources */,
				4161B33422AB83B700CD5A1B /* StepperPage.swift in Sources */,
				41F36F0C22AA87AF00B9172D /* TableViewPage.swift in Sources */,
				4132A46B22B00E6100A8DBBE /* PickerPage.swift in Sources */,
				4196ABCC22A97AB1008B8FD2 /* ContentView.swift in Sources */,
				4132A46622AD70D400A8DBBE /* View+Ext.swift in Sources */,
				415F044F22ABA1E3003E59FC /* TogglePage.swift in Sources */,
				BD99734E23B49BB800A3E3F0 /* FormPage.swift in Sources */,
				41F36F0E22AA8AEC00B9172D /* WebViewPage.swift in Sources */,
				4132A46022AD624700A8DBBE /* SectionPage.swift in Sources */,
				41C7E65E22B4A9680074D4F6 /* ModalPage.swift in Sources */,
				4196ABDC22A97D61008B8FD2 /* PageRow.swift in Sources */,
				4132A46322AD709300A8DBBE /* Color+Ext.swift in Sources */,
				415F044922AB8801003E59FC /* SegmentedControlPage.swift in Sources */,
				41FE99E922AAD7B0008135A0 /* EditButtonPage.swift in Sources */,
				4132A45E22AD561500A8DBBE /* GroupPage.swift in Sources */,
				4132A46822AE8D5200A8DBBE /* NavigationViewPage.swift in Sources */,
				41E4DCCE22B4ADB000F78522 /* PopoverPage.swift in Sources */,
				4161B32D22AB6CBE00CD5A1B /* SliderPage.swift in Sources */,
			);
			runOnlyForDeploymentPostprocessing = 0;
		};
/* End PBXSourcesBuildPhase section */

/* Begin PBXVariantGroup section */
		4196ABD222A97AB2008B8FD2 /* LaunchScreen.storyboard */ = {
			isa = PBXVariantGroup;
			children = (
				4196ABD322A97AB2008B8FD2 /* Base */,
			);
			name = LaunchScreen.storyboard;
			sourceTree = "<group>";
		};
/* End PBXVariantGroup section */

/* Begin XCBuildConfiguration section */
		4196ABD622A97AB2008B8FD2 /* Debug */ = {
			isa = XCBuildConfiguration;
			buildSettings = {
				ALWAYS_SEARCH_USER_PATHS = NO;
				CLANG_ANALYZER_NONNULL = YES;
				CLANG_ANALYZER_NUMBER_OBJECT_CONVERSION = YES_AGGRESSIVE;
				CLANG_CXX_LANGUAGE_STANDARD = "gnu++14";
				CLANG_CXX_LIBRARY = "libc++";
				CLANG_ENABLE_MODULES = YES;
				CLANG_ENABLE_OBJC_ARC = YES;
				CLANG_ENABLE_OBJC_WEAK = YES;
				CLANG_WARN_BLOCK_CAPTURE_AUTORELEASING = YES;
				CLANG_WARN_BOOL_CONVERSION = YES;
				CLANG_WARN_COMMA = YES;
				CLANG_WARN_CONSTANT_CONVERSION = YES;
				CLANG_WARN_DEPRECATED_OBJC_IMPLEMENTATIONS = YES;
				CLANG_WARN_DIRECT_OBJC_ISA_USAGE = YES_ERROR;
				CLANG_WARN_DOCUMENTATION_COMMENTS = YES;
				CLANG_WARN_EMPTY_BODY = YES;
				CLANG_WARN_ENUM_CONVERSION = YES;
				CLANG_WARN_INFINITE_RECURSION = YES;
				CLANG_WARN_INT_CONVERSION = YES;
				CLANG_WARN_NON_LITERAL_NULL_CONVERSION = YES;
				CLANG_WARN_OBJC_IMPLICIT_RETAIN_SELF = YES;
				CLANG_WARN_OBJC_LITERAL_CONVERSION = YES;
				CLANG_WARN_OBJC_ROOT_CLASS = YES_ERROR;
				CLANG_WARN_RANGE_LOOP_ANALYSIS = YES;
				CLANG_WARN_STRICT_PROTOTYPES = YES;
				CLANG_WARN_SUSPICIOUS_MOVE = YES;
				CLANG_WARN_UNGUARDED_AVAILABILITY = YES_AGGRESSIVE;
				CLANG_WARN_UNREACHABLE_CODE = YES;
				CLANG_WARN__DUPLICATE_METHOD_MATCH = YES;
				COPY_PHASE_STRIP = NO;
				DEBUG_INFORMATION_FORMAT = dwarf;
				ENABLE_STRICT_OBJC_MSGSEND = YES;
				ENABLE_TESTABILITY = YES;
				GCC_C_LANGUAGE_STANDARD = gnu11;
				GCC_DYNAMIC_NO_PIC = NO;
				GCC_NO_COMMON_BLOCKS = YES;
				GCC_OPTIMIZATION_LEVEL = 0;
				GCC_PREPROCESSOR_DEFINITIONS = (
					"DEBUG=1",
					"$(inherited)",
				);
				GCC_WARN_64_TO_32_BIT_CONVERSION = YES;
				GCC_WARN_ABOUT_RETURN_TYPE = YES_ERROR;
				GCC_WARN_UNDECLARED_SELECTOR = YES;
				GCC_WARN_UNINITIALIZED_AUTOS = YES_AGGRESSIVE;
				GCC_WARN_UNUSED_FUNCTION = YES;
				GCC_WARN_UNUSED_VARIABLE = YES;
				IPHONEOS_DEPLOYMENT_TARGET = 13.0;
				MTL_ENABLE_DEBUG_INFO = INCLUDE_SOURCE;
				MTL_FAST_MATH = YES;
				ONLY_ACTIVE_ARCH = YES;
				SDKROOT = iphoneos;
				SWIFT_ACTIVE_COMPILATION_CONDITIONS = DEBUG;
				SWIFT_OPTIMIZATION_LEVEL = "-Onone";
			};
			name = Debug;
		};
		4196ABD722A97AB2008B8FD2 /* Release */ = {
			isa = XCBuildConfiguration;
			buildSettings = {
				ALWAYS_SEARCH_USER_PATHS = NO;
				CLANG_ANALYZER_NONNULL = YES;
				CLANG_ANALYZER_NUMBER_OBJECT_CONVERSION = YES_AGGRESSIVE;
				CLANG_CXX_LANGUAGE_STANDARD = "gnu++14";
				CLANG_CXX_LIBRARY = "libc++";
				CLANG_ENABLE_MODULES = YES;
				CLANG_ENABLE_OBJC_ARC = YES;
				CLANG_ENABLE_OBJC_WEAK = YES;
				CLANG_WARN_BLOCK_CAPTURE_AUTORELEASING = YES;
				CLANG_WARN_BOOL_CONVERSION = YES;
				CLANG_WARN_COMMA = YES;
				CLANG_WARN_CONSTANT_CONVERSION = YES;
				CLANG_WARN_DEPRECATED_OBJC_IMPLEMENTATIONS = YES;
				CLANG_WARN_DIRECT_OBJC_ISA_USAGE = YES_ERROR;
				CLANG_WARN_DOCUMENTATION_COMMENTS = YES;
				CLANG_WARN_EMPTY_BODY = YES;
				CLANG_WARN_ENUM_CONVERSION = YES;
				CLANG_WARN_INFINITE_RECURSION = YES;
				CLANG_WARN_INT_CONVERSION = YES;
				CLANG_WARN_NON_LITERAL_NULL_CONVERSION = YES;
				CLANG_WARN_OBJC_IMPLICIT_RETAIN_SELF = YES;
				CLANG_WARN_OBJC_LITERAL_CONVERSION = YES;
				CLANG_WARN_OBJC_ROOT_CLASS = YES_ERROR;
				CLANG_WARN_RANGE_LOOP_ANALYSIS = YES;
				CLANG_WARN_STRICT_PROTOTYPES = YES;
				CLANG_WARN_SUSPICIOUS_MOVE = YES;
				CLANG_WARN_UNGUARDED_AVAILABILITY = YES_AGGRESSIVE;
				CLANG_WARN_UNREACHABLE_CODE = YES;
				CLANG_WARN__DUPLICATE_METHOD_MATCH = YES;
				COPY_PHASE_STRIP = NO;
				DEBUG_INFORMATION_FORMAT = "dwarf-with-dsym";
				ENABLE_NS_ASSERTIONS = NO;
				ENABLE_STRICT_OBJC_MSGSEND = YES;
				GCC_C_LANGUAGE_STANDARD = gnu11;
				GCC_NO_COMMON_BLOCKS = YES;
				GCC_WARN_64_TO_32_BIT_CONVERSION = YES;
				GCC_WARN_ABOUT_RETURN_TYPE = YES_ERROR;
				GCC_WARN_UNDECLARED_SELECTOR = YES;
				GCC_WARN_UNINITIALIZED_AUTOS = YES_AGGRESSIVE;
				GCC_WARN_UNUSED_FUNCTION = YES;
				GCC_WARN_UNUSED_VARIABLE = YES;
				IPHONEOS_DEPLOYMENT_TARGET = 13.0;
				MTL_ENABLE_DEBUG_INFO = NO;
				MTL_FAST_MATH = YES;
				SDKROOT = iphoneos;
				SWIFT_COMPILATION_MODE = wholemodule;
				SWIFT_OPTIMIZATION_LEVEL = "-O";
				VALIDATE_PRODUCT = YES;
			};
			name = Release;
		};
		4196ABD922A97AB2008B8FD2 /* Debug */ = {
			isa = XCBuildConfiguration;
			buildSettings = {
				ASSETCATALOG_COMPILER_APPICON_NAME = AppIcon;
				CODE_SIGN_ENTITLEMENTS = Example/Example.entitlements;
				CODE_SIGN_STYLE = Automatic;
				DEVELOPMENT_ASSET_PATHS = "Example/Preview\\ Content";
				DEVELOPMENT_TEAM = 3RDZ44DXB9;
				ENABLE_PREVIEWS = YES;
				INFOPLIST_FILE = Example/Info.plist;
				LD_RUNPATH_SEARCH_PATHS = (
					"$(inherited)",
					"@executable_path/Frameworks",
				);
				PRODUCT_BUNDLE_IDENTIFIER = com.jinxiansen.Example;
				PRODUCT_NAME = "$(TARGET_NAME)";
				SUPPORTS_MACCATALYST = YES;
				SWIFT_VERSION = 5.0;
				TARGETED_DEVICE_FAMILY = "1,2";
			};
			name = Debug;
		};
		4196ABDA22A97AB2008B8FD2 /* Release */ = {
			isa = XCBuildConfiguration;
			buildSettings = {
				ASSETCATALOG_COMPILER_APPICON_NAME = AppIcon;
				CODE_SIGN_ENTITLEMENTS = Example/Example.entitlements;
				CODE_SIGN_STYLE = Automatic;
				DEVELOPMENT_ASSET_PATHS = "Example/Preview\\ Content";
				DEVELOPMENT_TEAM = 3RDZ44DXB9;
				ENABLE_PREVIEWS = YES;
				INFOPLIST_FILE = Example/Info.plist;
				LD_RUNPATH_SEARCH_PATHS = (
					"$(inherited)",
					"@executable_path/Frameworks",
				);
				PRODUCT_BUNDLE_IDENTIFIER = com.jinxiansen.Example;
				PRODUCT_NAME = "$(TARGET_NAME)";
				SUPPORTS_MACCATALYST = YES;
				SWIFT_VERSION = 5.0;
				TARGETED_DEVICE_FAMILY = "1,2";
			};
			name = Release;
		};
/* End XCBuildConfiguration section */

/* Begin XCConfigurationList section */
		4196ABBF22A97AB1008B8FD2 /* Build configuration list for PBXProject "Example" */ = {
			isa = XCConfigurationList;
			buildConfigurations = (
				4196ABD622A97AB2008B8FD2 /* Debug */,
				4196ABD722A97AB2008B8FD2 /* Release */,
			);
			defaultConfigurationIsVisible = 0;
			defaultConfigurationName = Release;
		};
		4196ABD822A97AB2008B8FD2 /* Build configuration list for PBXNativeTarget "Example" */ = {
			isa = XCConfigurationList;
			buildConfigurations = (
				4196ABD922A97AB2008B8FD2 /* Debug */,
				4196ABDA22A97AB2008B8FD2 /* Release */,
			);
			defaultConfigurationIsVisible = 0;
			defaultConfigurationName = Release;
		};
/* End XCConfigurationList section */
	};
	rootObject = 4196ABBC22A97AB1008B8FD2 /* Project object */;
}
